
Microsoft Visual Studio Solution File, Format Version 12.00
# Visual Studio 2013
VisualStudioVersion = 12.0.20919.2
MinimumVisualStudioVersion = 10.0.40219.1
Project("{FAE04EC0-301F-11D3-BF4B-00C04F79EFBC}") = "NuGet.Client", "NuGet.Client\NuGet.Client.csproj", "{208CA165-3F6D-495A-9DE5-F7C0921F2020}"
EndProject
Global
	GlobalSection(SolutionConfigurationPlatforms) = preSolution
		Debug|Any CPU = Debug|Any CPU
		Release|Any CPU = Release|Any CPU
	EndGlobalSection
	GlobalSection(ProjectConfigurationPlatforms) = postSolution
		{208CA165-3F6D-495A-9DE5-F7C0921F2020}.Debug|Any CPU.ActiveCfg = Debug|Any CPU
		{208CA165-3F6D-495A-9DE5-F7C0921F2020}.Debug|Any CPU.Build.0 = Debug|Any CPU
		{208CA165-3F6D-495A-9DE5-F7C0921F2020}.Release|Any CPU.ActiveCfg = Release|Any CPU
		{208CA165-3F6D-495A-9DE5-F7C0921F2020}.Release|Any CPU.Build.0 = Release|Any CPU
	EndGlobalSection
	GlobalSection(SolutionProperties) = preSolution
		HideSolutionNode = FALSE
	EndGlobalSection
EndGlobal
